# This file is automatically @generated by Cargo.
# It is not intended for manual editing.
version = 4

[[package]]
name = "embedded-storage"
version = "0.3.1"
source = "registry+https://github.com/rust-lang/crates.io-index"
checksum = "a21dea9854beb860f3062d10228ce9b976da520a73474aed3171ec276bc0c032"

[[package]]
name = "embedded-storage-async"
version = "0.4.1"
source = "registry+https://github.com/rust-lang/crates.io-index"
checksum = "1763775e2323b7d5f0aa6090657f5e21cfa02ede71f5dc40eead06d64dcd15cc"
dependencies = [
 "embedded-storage",
]

[[package]]
name = "unified-storage"
version = "0.1.0"
dependencies = [
 "embedded-storage-async",
]
